
Microsoft Visual Studio Solution File, Format Version 12.00
# Visual Studio 15
VisualStudioVersion = 15.0.28307.1082
MinimumVisualStudioVersion = 10.0.40219.1
Project("{FAE04EC0-301F-11D3-BF4B-00C04F79EFBC}") = "Web Application", "Web Application\Web Application.csproj", "{F597C770-DFBF-4D74-9FE4-045FD2144FAE}"
EndProject
Project("{FAE04EC0-301F-11D3-BF4B-00C04F79EFBC}") = "Web Application Dot Net", "Web Application Dot Net\Web Application Dot Net.csproj", "{B02B6E54-2561-4A8F-9118-4F531F26565D}"
EndProject
Global
	GlobalSection(SolutionConfigurationPlatforms) = preSolution
		Debug|Any CPU = Debug|Any CPU
		Release|Any CPU = Release|Any CPU
	EndGlobalSection
	GlobalSection(ProjectConfigurationPlatforms) = postSolution
		{F597C770-DFBF-4D74-9FE4-045FD2144FAE}.Debug|Any CPU.ActiveCfg = Debug|Any CPU
		{F597C770-DFBF-4D74-9FE4-045FD2144FAE}.Debug|Any CPU.Build.0 = Debug|Any CPU
		{F597C770-DFBF-4D74-9FE4-045FD2144FAE}.Release|Any CPU.ActiveCfg = Release|Any CPU
		{F597C770-DFBF-4D74-9FE4-045FD2144FAE}.Release|Any CPU.Build.0 = Release|Any CPU
		{B02B6E54-2561-4A8F-9118-4F531F26565D}.Debug|Any CPU.ActiveCfg = Debug|Any CPU
		{B02B6E54-2561-4A8F-9118-4F531F26565D}.Debug|Any CPU.Build.0 = Debug|Any CPU
		{B02B6E54-2561-4A8F-9118-4F531F26565D}.Release|Any CPU.ActiveCfg = Release|Any CPU
		{B02B6E54-2561-4A8F-9118-4F531F26565D}.Release|Any CPU.Build.0 = Release|Any CPU
	EndGlobalSection
	GlobalSection(SolutionProperties) = preSolution
		HideSolutionNode = FALSE
	EndGlobalSection
	GlobalSection(ExtensibilityGlobals) = postSolution
		SolutionGuid = {33AEA996-BB09-426D-A596-396EC4372D36}
	EndGlobalSection
EndGlobal
